{
  "name": "download",
  "lockfileVersion": 3,
  "requires": true,
  "packages": {
    "": {
      "dependencies": {
        "kotlin": "^1.9.25"
      }
    },
    "node_modules/kotlin": {
      "version": "1.9.25",
      "resolved": "https://registry.npmjs.org/kotlin/-/kotlin-1.9.25.tgz",
      "integrity": "sha512-cCTiJHZpkm8bZlHPnI8QS3WHg6ndavczREyDgjpL3ywJVMHc957kRAURnkg6K4BEmrYcJ4y+qisA4jAmk5qeqw=="
    }
  }
}
